{
  "name": "canvas-jssdk",
  "version": "1.0.0",
  "lockfileVersion": 1,
  "requires": true,
  "dependencies": {
    "vuex-oidc": {
      "version": "3.10.2",
      "resolved": "https://registry.npmjs.org/vuex-oidc/-/vuex-oidc-3.10.2.tgz",
      "integrity": "sha512-BH/4db3dAkpPZCQHwvzylzmxo9L7t9NzJ0kOyXJYYaXc4kiXgBayjhuwkYIWElg6E1qRYwigexIlO7rhakAabA=="
    }
  }
}
