{
  "name": "lrt-test-jssdk",
  "version": "1.0.1",
  "lockfileVersion": 1,
  "requires": true,
  "dependencies": {
    "acorn": {
      "version": "3.3.0",
      "resolved": "https://registry.npmjs.org/acorn/-/acorn-3.3.0.tgz",
      "integrity": "sha1-ReN/s56No/JbruP/U2niu18iAXo="
    },
    "acorn-jsx": {
      "version": "3.0.1",
      "resolved": "https://registry.npmjs.org/acorn-jsx/-/acorn-jsx-3.0.1.tgz",
      "integrity": "sha1-r9+UiPsezvyDSPb7IvRk4ypYs2s=",
      "requires": {
        "acorn": "^3.0.4"
      }
    },
    "bluebird": {
      "version": "3.4.7",
      "resolved": "https://registry.npmjs.org/bluebird/-/bluebird-3.4.7.tgz",
      "integrity": "sha1-9y12C+Cbf3bQjtj66Ysomo0F+rM="
    },
    "catharsis": {
      "version": "0.8.11",
      "resolved": "https://registry.npmjs.org/catharsis/-/catharsis-0.8.11.tgz",
      "integrity": "sha512-a+xUyMV7hD1BrDQA/3iPV7oc+6W26BgVJO05PGEoatMyIuPScQKsde6i3YorWX1qs+AZjnJ18NqdKoCtKiNh1g==",
      "requires": {
        "lodash": "^4.17.14"
      }
    },
    "escape-string-regexp": {
      "version": "1.0.5",
      "resolved": "https://registry.npmjs.org/escape-string-regexp/-/escape-string-regexp-1.0.5.tgz",
      "integrity": "sha1-G2HAViGQqN/2rjuyzwIAyhMLhtQ="
    },
    "espree": {
      "version": "3.1.7",
      "resolved": "https://registry.npmjs.org/espree/-/espree-3.1.7.tgz",
      "integrity": "sha1-/V3ux2qXpRIKnNOnyxF3oJI7EdI=",
      "requires": {
        "acorn": "^3.3.0",
        "acorn-jsx": "^3.0.0"
      }
    },
    "graceful-fs": {
      "version": "4.2.6",
      "resolved": "https://registry.npmjs.org/graceful-fs/-/graceful-fs-4.2.6.tgz",
      "integrity": "sha512-nTnJ528pbqxYanhpDYsi4Rd8MAeaBA67+RZ10CM1m3bTAVFEDcd5AuA4a6W5YkGZ1iNXHzZz8T6TBKLeBuNriQ==",
      "optional": true
    },
    "js2xmlparser": {
      "version": "1.0.0",
      "resolved": "https://registry.npmjs.org/js2xmlparser/-/js2xmlparser-1.0.0.tgz",
      "integrity": "sha1-WhcPLo1kds5FQF4EgjJCUTeC/jA="
    },
    "jsdoc": {
      "version": "3.4.3",
      "resolved": "https://registry.npmjs.org/jsdoc/-/jsdoc-3.4.3.tgz",
      "integrity": "sha1-5XQNYUXGgfZnnmwXeDqI292XzNM=",
      "requires": {
        "bluebird": "~3.4.6",
        "catharsis": "~0.8.8",
        "escape-string-regexp": "~1.0.5",
        "espree": "~3.1.7",
        "js2xmlparser": "~1.0.0",
        "klaw": "~1.3.0",
        "marked": "~0.3.6",
        "mkdirp": "~0.5.1",
        "requizzle": "~0.2.1",
        "strip-json-comments": "~2.0.1",
        "taffydb": "2.6.2",
        "underscore": "~1.8.3"
      }
    },
    "klaw": {
      "version": "1.3.1",
      "resolved": "https://registry.npmjs.org/klaw/-/klaw-1.3.1.tgz",
      "integrity": "sha1-QIhDO0azsbolnXh4XY6W9zugJDk=",
      "requires": {
        "graceful-fs": "^4.1.9"
      }
    },
    "lodash": {
      "version": "4.17.21",
      "resolved": "https://registry.npmjs.org/lodash/-/lodash-4.17.21.tgz",
      "integrity": "sha512-v2kDEe57lecTulaDIuNTPy3Ry4gLGJ6Z1O3vE1krgXZNrsQ+LFTGHVxVjcXPs17LhbZVGedAJv8XZ1tvj5FvSg=="
    },
    "marked": {
      "version": "0.3.19",
      "resolved": "https://registry.npmjs.org/marked/-/marked-0.3.19.tgz",
      "integrity": "sha512-ea2eGWOqNxPcXv8dyERdSr/6FmzvWwzjMxpfGB/sbMccXoct+xY+YukPD+QTUZwyvK7BZwcr4m21WBOW41pAkg=="
    },
    "minimist": {
      "version": "1.2.5",
      "resolved": "https://registry.npmjs.org/minimist/-/minimist-1.2.5.tgz",
      "integrity": "sha512-FM9nNUYrRBAELZQT3xeZQ7fmMOBg6nWNmJKTcgsJeaLstP/UODVpGsr5OhXhhXg6f+qtJ8uiZ+PUxkDWcgIXLw=="
    },
    "mkdirp": {
      "version": "0.5.5",
      "resolved": "https://registry.npmjs.org/mkdirp/-/mkdirp-0.5.5.tgz",
      "integrity": "sha512-NKmAlESf6jMGym1++R0Ra7wvhV+wFW63FaSOFPwRahvea0gMUcGUhVeAg/0BC0wiv9ih5NYPB1Wn1UEI1/L+xQ==",
      "requires": {
        "minimist": "^1.2.5"
      }
    },
    "requizzle": {
      "version": "0.2.3",
      "resolved": "https://registry.npmjs.org/requizzle/-/requizzle-0.2.3.tgz",
      "integrity": "sha512-YanoyJjykPxGHii0fZP0uUPEXpvqfBDxWV7s6GKAiiOsiqhX6vHNyW3Qzdmqp/iq/ExbhaGbVrjB4ruEVSM4GQ==",
      "requires": {
        "lodash": "^4.17.14"
      }
    },
    "strip-json-comments": {
      "version": "2.0.1",
      "resolved": "https://registry.npmjs.org/strip-json-comments/-/strip-json-comments-2.0.1.tgz",
      "integrity": "sha1-PFMZQukIwml8DsNEhYwobHygpgo="
    },
    "taffydb": {
      "version": "2.6.2",
      "resolved": "https://registry.npmjs.org/taffydb/-/taffydb-2.6.2.tgz",
      "integrity": "sha1-fLy2S1oUG2ou/CxdLGe04VCyomg="
    },
    "underscore": {
      "version": "1.8.3",
      "resolved": "https://registry.npmjs.org/underscore/-/underscore-1.8.3.tgz",
      "integrity": "sha1-Tz+1OxBuYJf8+ctBCfKl6b36UCI="
    },
    "vuex-oidc": {
      "version": "3.10.2",
      "resolved": "https://registry.npmjs.org/vuex-oidc/-/vuex-oidc-3.10.2.tgz",
      "integrity": "sha512-BH/4db3dAkpPZCQHwvzylzmxo9L7t9NzJ0kOyXJYYaXc4kiXgBayjhuwkYIWElg6E1qRYwigexIlO7rhakAabA=="
    }
  }
}
